
Microsoft Visual Studio Solution File, Format Version 12.00
# Visual Studio Version 17
VisualStudioVersion = 17.3.32922.545
MinimumVisualStudioVersion = 10.0.40219.1
Project("{FAE04EC0-301F-11D3-BF4B-00C04F79EFBC}") = "NSUWatcher", "NSUWatcher\NSUWatcher.csproj", "{69FB3B4E-670B-4CE2-B96C-A8751851B8A8}"
EndProject
Project("{FAE04EC0-301F-11D3-BF4B-00C04F79EFBC}") = "Tests", "Tests\Tests.csproj", "{FF973FFA-C0CE-4F7E-A939-5FC66D336CF9}"
EndProject
Project("{D954291E-2A0B-460D-934E-DC6B0785DB48}") = "NSUShared", "..\NSUShared\NSUShared.shproj", "{1A236C1B-6D46-4B7D-AD43-6D700B6591BE}"
EndProject
Global
	GlobalSection(SolutionConfigurationPlatforms) = preSolution
		Debug|Any CPU = Debug|Any CPU
		Release|Any CPU = Release|Any CPU
	EndGlobalSection
	GlobalSection(ProjectConfigurationPlatforms) = postSolution
		{69FB3B4E-670B-4CE2-B96C-A8751851B8A8}.Debug|Any CPU.ActiveCfg = Debug|Any CPU
		{69FB3B4E-670B-4CE2-B96C-A8751851B8A8}.Debug|Any CPU.Build.0 = Debug|Any CPU
		{69FB3B4E-670B-4CE2-B96C-A8751851B8A8}.Release|Any CPU.ActiveCfg = Release|Any CPU
		{69FB3B4E-670B-4CE2-B96C-A8751851B8A8}.Release|Any CPU.Build.0 = Release|Any CPU
		{FF973FFA-C0CE-4F7E-A939-5FC66D336CF9}.Debug|Any CPU.ActiveCfg = Debug|Any CPU
		{FF973FFA-C0CE-4F7E-A939-5FC66D336CF9}.Debug|Any CPU.Build.0 = Debug|Any CPU
		{FF973FFA-C0CE-4F7E-A939-5FC66D336CF9}.Release|Any CPU.ActiveCfg = Release|Any CPU
		{FF973FFA-C0CE-4F7E-A939-5FC66D336CF9}.Release|Any CPU.Build.0 = Release|Any CPU
	EndGlobalSection
	GlobalSection(SolutionProperties) = preSolution
		HideSolutionNode = FALSE
	EndGlobalSection
	GlobalSection(ExtensibilityGlobals) = postSolution
		SolutionGuid = {00FFECBD-C886-4C1E-B3A6-443BB7D918B7}
	EndGlobalSection
	GlobalSection(SharedMSBuildProjectFiles) = preSolution
		..\NSUShared\NSUShared.projitems*{1a236c1b-6d46-4b7d-ad43-6d700b6591be}*SharedItemsImports = 13
		..\NSUShared\NSUShared.projitems*{69fb3b4e-670b-4ce2-b96c-a8751851b8a8}*SharedItemsImports = 4
	EndGlobalSection
EndGlobal
